
Microsoft Visual Studio Solution File, Format Version 11.00
# Visual Studio 2010
Project("{FAE04EC0-301F-11D3-BF4B-00C04F79EFBC}") = "AbnerTeamSL", "AbnerTeamSL\AbnerTeamSL.csproj", "{093E4D0F-343E-42B9-AE5B-0D834003459C}"
EndProject
Global
	GlobalSection(SolutionConfigurationPlatforms) = preSolution
		Debug|Any CPU = Debug|Any CPU
		Release|Any CPU = Release|Any CPU
	EndGlobalSection
	GlobalSection(ProjectConfigurationPlatforms) = postSolution
		{093E4D0F-343E-42B9-AE5B-0D834003459C}.Debug|Any CPU.ActiveCfg = Debug|Any CPU
		{093E4D0F-343E-42B9-AE5B-0D834003459C}.Debug|Any CPU.Build.0 = Debug|Any CPU
		{093E4D0F-343E-42B9-AE5B-0D834003459C}.Release|Any CPU.ActiveCfg = Release|Any CPU
		{093E4D0F-343E-42B9-AE5B-0D834003459C}.Release|Any CPU.Build.0 = Release|Any CPU
	EndGlobalSection
	GlobalSection(SolutionProperties) = preSolution
		HideSolutionNode = FALSE
	EndGlobalSection
EndGlobal
